
Microsoft Visual Studio Solution File, Format Version 12.00
# Visual Studio Version 16
VisualStudioVersion = 16.0.29201.188
MinimumVisualStudioVersion = 10.0.40219.1
Project("{FAE04EC0-301F-11D3-BF4B-00C04F79EFBC}") = "20211012", "20211012.csproj", "{8099D7B0-5881-4929-9889-79F2052F7007}"
EndProject
Global
	GlobalSection(SolutionConfigurationPlatforms) = preSolution
		Debug|Any CPU = Debug|Any CPU
		Release|Any CPU = Release|Any CPU
	EndGlobalSection
	GlobalSection(ProjectConfigurationPlatforms) = postSolution
		{8099D7B0-5881-4929-9889-79F2052F7007}.Debug|Any CPU.ActiveCfg = Debug|Any CPU
		{8099D7B0-5881-4929-9889-79F2052F7007}.Debug|Any CPU.Build.0 = Debug|Any CPU
		{8099D7B0-5881-4929-9889-79F2052F7007}.Release|Any CPU.ActiveCfg = Release|Any CPU
		{8099D7B0-5881-4929-9889-79F2052F7007}.Release|Any CPU.Build.0 = Release|Any CPU
	EndGlobalSection
	GlobalSection(SolutionProperties) = preSolution
		HideSolutionNode = FALSE
	EndGlobalSection
	GlobalSection(ExtensibilityGlobals) = postSolution
		SolutionGuid = {F0EDA27A-8AF5-4D7E-8D1D-1676B3428BC9}
	EndGlobalSection
EndGlobal
