
Microsoft Visual Studio Solution File, Format Version 12.00
# Visual Studio Version 16
VisualStudioVersion = 16.0.29201.188
MinimumVisualStudioVersion = 10.0.40219.1
Project("{FAE04EC0-301F-11D3-BF4B-00C04F79EFBC}") = "20210930_7", "20210930_7.csproj", "{15F52D2F-E2E3-46A5-AC5C-EDA0EE438AB8}"
EndProject
Global
	GlobalSection(SolutionConfigurationPlatforms) = preSolution
		Debug|Any CPU = Debug|Any CPU
		Release|Any CPU = Release|Any CPU
	EndGlobalSection
	GlobalSection(ProjectConfigurationPlatforms) = postSolution
		{15F52D2F-E2E3-46A5-AC5C-EDA0EE438AB8}.Debug|Any CPU.ActiveCfg = Debug|Any CPU
		{15F52D2F-E2E3-46A5-AC5C-EDA0EE438AB8}.Debug|Any CPU.Build.0 = Debug|Any CPU
		{15F52D2F-E2E3-46A5-AC5C-EDA0EE438AB8}.Release|Any CPU.ActiveCfg = Release|Any CPU
		{15F52D2F-E2E3-46A5-AC5C-EDA0EE438AB8}.Release|Any CPU.Build.0 = Release|Any CPU
	EndGlobalSection
	GlobalSection(SolutionProperties) = preSolution
		HideSolutionNode = FALSE
	EndGlobalSection
	GlobalSection(ExtensibilityGlobals) = postSolution
		SolutionGuid = {F85367B0-C501-4FDB-881C-FE8F662E2B1B}
	EndGlobalSection
EndGlobal
