
Microsoft Visual Studio Solution File, Format Version 12.00
# Visual Studio Version 16
VisualStudioVersion = 16.0.29201.188
MinimumVisualStudioVersion = 10.0.40219.1
Project("{FAE04EC0-301F-11D3-BF4B-00C04F79EFBC}") = "20210927", "20210927\20210927.csproj", "{5A2B3CE3-1718-4E43-A56C-74340B2515E7}"
EndProject
Global
	GlobalSection(SolutionConfigurationPlatforms) = preSolution
		Debug|Any CPU = Debug|Any CPU
		Release|Any CPU = Release|Any CPU
	EndGlobalSection
	GlobalSection(ProjectConfigurationPlatforms) = postSolution
		{5A2B3CE3-1718-4E43-A56C-74340B2515E7}.Debug|Any CPU.ActiveCfg = Debug|Any CPU
		{5A2B3CE3-1718-4E43-A56C-74340B2515E7}.Debug|Any CPU.Build.0 = Debug|Any CPU
		{5A2B3CE3-1718-4E43-A56C-74340B2515E7}.Release|Any CPU.ActiveCfg = Release|Any CPU
		{5A2B3CE3-1718-4E43-A56C-74340B2515E7}.Release|Any CPU.Build.0 = Release|Any CPU
	EndGlobalSection
	GlobalSection(SolutionProperties) = preSolution
		HideSolutionNode = FALSE
	EndGlobalSection
	GlobalSection(ExtensibilityGlobals) = postSolution
		SolutionGuid = {922488B3-ED95-4D25-BA46-655092D98794}
	EndGlobalSection
EndGlobal
