
Microsoft Visual Studio Solution File, Format Version 12.00
# Visual Studio Version 16
VisualStudioVersion = 16.0.29201.188
MinimumVisualStudioVersion = 10.0.40219.1
Project("{FAE04EC0-301F-11D3-BF4B-00C04F79EFBC}") = "20211104_2", "20211104_2.csproj", "{4D1EF0AD-9E17-45DF-A82B-240729D9D392}"
EndProject
Global
	GlobalSection(SolutionConfigurationPlatforms) = preSolution
		Debug|Any CPU = Debug|Any CPU
		Release|Any CPU = Release|Any CPU
	EndGlobalSection
	GlobalSection(ProjectConfigurationPlatforms) = postSolution
		{4D1EF0AD-9E17-45DF-A82B-240729D9D392}.Debug|Any CPU.ActiveCfg = Debug|Any CPU
		{4D1EF0AD-9E17-45DF-A82B-240729D9D392}.Debug|Any CPU.Build.0 = Debug|Any CPU
		{4D1EF0AD-9E17-45DF-A82B-240729D9D392}.Release|Any CPU.ActiveCfg = Release|Any CPU
		{4D1EF0AD-9E17-45DF-A82B-240729D9D392}.Release|Any CPU.Build.0 = Release|Any CPU
	EndGlobalSection
	GlobalSection(SolutionProperties) = preSolution
		HideSolutionNode = FALSE
	EndGlobalSection
	GlobalSection(ExtensibilityGlobals) = postSolution
		SolutionGuid = {AD452458-8D08-4F39-B0CC-BFC1383485BB}
	EndGlobalSection
EndGlobal
