
Microsoft Visual Studio Solution File, Format Version 12.00
# Visual Studio Version 16
VisualStudioVersion = 16.0.30611.23
MinimumVisualStudioVersion = 10.0.40219.1
Project("{FAE04EC0-301F-11D3-BF4B-00C04F79EFBC}") = "20201207", "20201207.csproj", "{7FDABF8B-48FF-4879-9191-DAA52A83150E}"
EndProject
Global
	GlobalSection(SolutionConfigurationPlatforms) = preSolution
		Debug|Any CPU = Debug|Any CPU
		Release|Any CPU = Release|Any CPU
	EndGlobalSection
	GlobalSection(ProjectConfigurationPlatforms) = postSolution
		{7FDABF8B-48FF-4879-9191-DAA52A83150E}.Debug|Any CPU.ActiveCfg = Debug|Any CPU
		{7FDABF8B-48FF-4879-9191-DAA52A83150E}.Debug|Any CPU.Build.0 = Debug|Any CPU
		{7FDABF8B-48FF-4879-9191-DAA52A83150E}.Release|Any CPU.ActiveCfg = Release|Any CPU
		{7FDABF8B-48FF-4879-9191-DAA52A83150E}.Release|Any CPU.Build.0 = Release|Any CPU
	EndGlobalSection
	GlobalSection(SolutionProperties) = preSolution
		HideSolutionNode = FALSE
	EndGlobalSection
	GlobalSection(ExtensibilityGlobals) = postSolution
		SolutionGuid = {4B55886F-27F7-4748-A48B-DDB7AFD39CF3}
	EndGlobalSection
EndGlobal
