
Microsoft Visual Studio Solution File, Format Version 12.00
# Visual Studio Version 16
VisualStudioVersion = 16.0.29201.188
MinimumVisualStudioVersion = 10.0.40219.1
Project("{FAE04EC0-301F-11D3-BF4B-00C04F79EFBC}") = "20211116_Prost", "20211116_Prost.csproj", "{70970128-0007-480E-B55C-98D5A1A5F517}"
EndProject
Global
	GlobalSection(SolutionConfigurationPlatforms) = preSolution
		Debug|Any CPU = Debug|Any CPU
		Release|Any CPU = Release|Any CPU
	EndGlobalSection
	GlobalSection(ProjectConfigurationPlatforms) = postSolution
		{70970128-0007-480E-B55C-98D5A1A5F517}.Debug|Any CPU.ActiveCfg = Debug|Any CPU
		{70970128-0007-480E-B55C-98D5A1A5F517}.Debug|Any CPU.Build.0 = Debug|Any CPU
		{70970128-0007-480E-B55C-98D5A1A5F517}.Release|Any CPU.ActiveCfg = Release|Any CPU
		{70970128-0007-480E-B55C-98D5A1A5F517}.Release|Any CPU.Build.0 = Release|Any CPU
	EndGlobalSection
	GlobalSection(SolutionProperties) = preSolution
		HideSolutionNode = FALSE
	EndGlobalSection
	GlobalSection(ExtensibilityGlobals) = postSolution
		SolutionGuid = {84E18A27-4B93-4313-A6F7-15FC671D80DD}
	EndGlobalSection
EndGlobal
