
Microsoft Visual Studio Solution File, Format Version 12.00
# Visual Studio Version 16
VisualStudioVersion = 16.0.29201.188
MinimumVisualStudioVersion = 10.0.40219.1
Project("{FAE04EC0-301F-11D3-BF4B-00C04F79EFBC}") = "20210923", "20210923\20210923.csproj", "{03E55000-D93A-40D2-97C4-E010EAC17D6C}"
EndProject
Global
	GlobalSection(SolutionConfigurationPlatforms) = preSolution
		Debug|Any CPU = Debug|Any CPU
		Release|Any CPU = Release|Any CPU
	EndGlobalSection
	GlobalSection(ProjectConfigurationPlatforms) = postSolution
		{03E55000-D93A-40D2-97C4-E010EAC17D6C}.Debug|Any CPU.ActiveCfg = Debug|Any CPU
		{03E55000-D93A-40D2-97C4-E010EAC17D6C}.Debug|Any CPU.Build.0 = Debug|Any CPU
		{03E55000-D93A-40D2-97C4-E010EAC17D6C}.Release|Any CPU.ActiveCfg = Release|Any CPU
		{03E55000-D93A-40D2-97C4-E010EAC17D6C}.Release|Any CPU.Build.0 = Release|Any CPU
	EndGlobalSection
	GlobalSection(SolutionProperties) = preSolution
		HideSolutionNode = FALSE
	EndGlobalSection
	GlobalSection(ExtensibilityGlobals) = postSolution
		SolutionGuid = {A0569DD1-9CEB-4AC7-8FB2-9AC3062CE6F5}
	EndGlobalSection
EndGlobal
