
Microsoft Visual Studio Solution File, Format Version 12.00
# Visual Studio Version 16
VisualStudioVersion = 16.0.29201.188
MinimumVisualStudioVersion = 10.0.40219.1
Project("{FAE04EC0-301F-11D3-BF4B-00C04F79EFBC}") = "20211214_Eletjatek", "20211214_Eletjatek.csproj", "{73F89955-25AB-4923-8F84-DE395EE2CEEE}"
EndProject
Global
	GlobalSection(SolutionConfigurationPlatforms) = preSolution
		Debug|Any CPU = Debug|Any CPU
		Release|Any CPU = Release|Any CPU
	EndGlobalSection
	GlobalSection(ProjectConfigurationPlatforms) = postSolution
		{73F89955-25AB-4923-8F84-DE395EE2CEEE}.Debug|Any CPU.ActiveCfg = Debug|Any CPU
		{73F89955-25AB-4923-8F84-DE395EE2CEEE}.Debug|Any CPU.Build.0 = Debug|Any CPU
		{73F89955-25AB-4923-8F84-DE395EE2CEEE}.Release|Any CPU.ActiveCfg = Release|Any CPU
		{73F89955-25AB-4923-8F84-DE395EE2CEEE}.Release|Any CPU.Build.0 = Release|Any CPU
	EndGlobalSection
	GlobalSection(SolutionProperties) = preSolution
		HideSolutionNode = FALSE
	EndGlobalSection
	GlobalSection(ExtensibilityGlobals) = postSolution
		SolutionGuid = {0F9E368A-C228-4ED7-9D69-FB91080DC8EC}
	EndGlobalSection
EndGlobal
