
Microsoft Visual Studio Solution File, Format Version 12.00
# Visual Studio Version 16
VisualStudioVersion = 16.0.29201.188
MinimumVisualStudioVersion = 10.0.40219.1
Project("{FAE04EC0-301F-11D3-BF4B-00C04F79EFBC}") = "20211109_kektura", "20211109_kektura.csproj", "{93B4AA32-15F0-49F8-A7A0-03C1B30E8979}"
EndProject
Global
	GlobalSection(SolutionConfigurationPlatforms) = preSolution
		Debug|Any CPU = Debug|Any CPU
		Release|Any CPU = Release|Any CPU
	EndGlobalSection
	GlobalSection(ProjectConfigurationPlatforms) = postSolution
		{93B4AA32-15F0-49F8-A7A0-03C1B30E8979}.Debug|Any CPU.ActiveCfg = Debug|Any CPU
		{93B4AA32-15F0-49F8-A7A0-03C1B30E8979}.Debug|Any CPU.Build.0 = Debug|Any CPU
		{93B4AA32-15F0-49F8-A7A0-03C1B30E8979}.Release|Any CPU.ActiveCfg = Release|Any CPU
		{93B4AA32-15F0-49F8-A7A0-03C1B30E8979}.Release|Any CPU.Build.0 = Release|Any CPU
	EndGlobalSection
	GlobalSection(SolutionProperties) = preSolution
		HideSolutionNode = FALSE
	EndGlobalSection
	GlobalSection(ExtensibilityGlobals) = postSolution
		SolutionGuid = {3FBCFB6D-2EB7-4D48-869F-8C948098F2B7}
	EndGlobalSection
EndGlobal
