
Microsoft Visual Studio Solution File, Format Version 12.00
# Visual Studio Version 16
VisualStudioVersion = 16.0.29201.188
MinimumVisualStudioVersion = 10.0.40219.1
Project("{FAE04EC0-301F-11D3-BF4B-00C04F79EFBC}") = "20211014", "20211014.csproj", "{B5801683-4DCB-4495-AF8E-9DE424322CE5}"
EndProject
Global
	GlobalSection(SolutionConfigurationPlatforms) = preSolution
		Debug|Any CPU = Debug|Any CPU
		Release|Any CPU = Release|Any CPU
	EndGlobalSection
	GlobalSection(ProjectConfigurationPlatforms) = postSolution
		{B5801683-4DCB-4495-AF8E-9DE424322CE5}.Debug|Any CPU.ActiveCfg = Debug|Any CPU
		{B5801683-4DCB-4495-AF8E-9DE424322CE5}.Debug|Any CPU.Build.0 = Debug|Any CPU
		{B5801683-4DCB-4495-AF8E-9DE424322CE5}.Release|Any CPU.ActiveCfg = Release|Any CPU
		{B5801683-4DCB-4495-AF8E-9DE424322CE5}.Release|Any CPU.Build.0 = Release|Any CPU
	EndGlobalSection
	GlobalSection(SolutionProperties) = preSolution
		HideSolutionNode = FALSE
	EndGlobalSection
	GlobalSection(ExtensibilityGlobals) = postSolution
		SolutionGuid = {D5F8973D-2D8C-47EF-A6E6-62439B49D364}
	EndGlobalSection
EndGlobal
